// !$*UTF8*$!
{
	archiveVersion = 1;
	classes = {
	};
	objectVersion = 46;
	objects = {

/* Begin PBXBuildFile section */
		5C8F50D218ACAB63007040B0 /* Foundation.framework in Frameworks */ = {isa = PBXBuildFile; fileRef = 5C8F50D118ACAB63007040B0 /* Foundation.framework */; };
		5C8F50D418ACAB63007040B0 /* CoreGraphics.framework in Frameworks */ = {isa = PBXBuildFile; fileRef = 5C8F50D318ACAB63007040B0 /* CoreGraphics.framework */; };
		5C8F50D618ACAB63007040B0 /* UIKit.framework in Frameworks */ = {isa = PBXBuildFile; fileRef = 5C8F50D518ACAB63007040B0 /* UIKit.framework */; };
		5C8F50DC18ACAB63007040B0 /* InfoPlist.strings in Resources */ = {isa = PBXBuildFile; fileRef = 5C8F50DA18ACAB63007040B0 /* InfoPlist.strings */; };
		5C8F50DE18ACAB63007040B0 /* main.m in Sources */ = {isa = PBXBuildFile; fileRef = 5C8F50DD18ACAB63007040B0 /* main.m */; };
		5C8F50E218ACAB63007040B0 /* FIGAppDelegate.m in Sources */ = {isa = PBXBuildFile; fileRef = 5C8F50E118ACAB63007040B0 /* FIGAppDelegate.m */; };
		5C8F50E518ACAB63007040B0 /* Main.storyboard in Resources */ = {isa = PBXBuildFile; fileRef = 5C8F50E318ACAB63007040B0 /* Main.storyboard */; };
		5C8F50E818ACAB63007040B0 /* FIGViewController.m in Sources */ = {isa = PBXBuildFile; fileRef = 5C8F50E718ACAB63007040B0 /* FIGViewController.m */; };
		5C8F50EA18ACAB63007040B0 /* Images.xcassets in Resources */ = {isa = PBXBuildFile; fileRef = 5C8F50E918ACAB63007040B0 /* Images.xcassets */; };
		5C8F50F118ACAB63007040B0 /* XCTest.framework in Frameworks */ = {isa = PBXBuildFile; fileRef = 5C8F50F018ACAB63007040B0 /* XCTest.framework */; };
		5C8F50F218ACAB63007040B0 /* Foundation.framework in Frameworks */ = {isa = PBXBuildFile; fileRef = 5C8F50D118ACAB63007040B0 /* Foundation.framework */; };
		5C8F50F318ACAB63007040B0 /* UIKit.framework in Frameworks */ = {isa = PBXBuildFile; fileRef = 5C8F50D518ACAB63007040B0 /* UIKit.framework */; };
		5C8F50FB18ACAB63007040B0 /* InfoPlist.strings in Resources */ = {isa = PBXBuildFile; fileRef = 5C8F50F918ACAB63007040B0 /* InfoPlist.strings */; };
		5C8F50FD18ACAB63007040B0 /* FreshCalculatorTests.m in Sources */ = {isa = PBXBuildFile; fileRef = 5C8F50FC18ACAB63007040B0 /* FreshCalculatorTests.m */; };
/* End PBXBuildFile section */

/* Begin PBXContainerItemProxy section */
		5C8F50F418ACAB63007040B0 /* PBXContainerItemProxy */ = {
			isa = PBXContainerItemProxy;
			containerPortal = 5C8F50C618ACAB63007040B0 /* Project object */;
			proxyType = 1;
			remoteGlobalIDString = 5C8F50CD18ACAB63007040B0;
			remoteInfo = FreshCalculator;
		};
/* End PBXContainerItemProxy section */

/* Begin PBXFileReference section */
		5C8F50CE18ACAB63007040B0 /* FreshCalculator.app */ = {isa = PBXFileReference; explicitFileType = wrapper.application; includeInIndex = 0; path = FreshCalculator.app; sourceTree = BUILT_PRODUCTS_DIR; };
		5C8F50D118ACAB63007040B0 /* Foundation.framework */ = {isa = PBXFileReference; lastKnownFileType = wrapper.framework; name = Foundation.framework; path = System/Library/Frameworks/Foundation.framework; sourceTree = SDKROOT; };
		5C8F50D318ACAB63007040B0 /* CoreGraphics.framework */ = {isa = PBXFileReference; lastKnownFileType = wrapper.framework; name = CoreGraphics.framework; path = System/Library/Frameworks/CoreGraphics.framework; sourceTree = SDKROOT; };
		5C8F50D518ACAB63007040B0 /* UIKit.framework */ = {isa = PBXFileReference; lastKnownFileType = wrapper.framework; name = UIKit.framework; path = System/Library/Frameworks/UIKit.framework; sourceTree = SDKROOT; };
		5C8F50D918ACAB63007040B0 /* FreshCalculator-Info.plist */ = {isa = PBXFileReference; lastKnownFileType = text.plist.xml; path = "FreshCalculator-Info.plist"; sourceTree = "<group>"; };
		5C8F50DB18ACAB63007040B0 /* en */ = {isa = PBXFileReference; lastKnownFileType = text.plist.strings; name = en; path = en.lproj/InfoPlist.strings; sourceTree = "<group>"; };
		5C8F50DD18ACAB63007040B0 /* main.m */ = {isa = PBXFileReference; lastKnownFileType = sourcecode.c.objc; path = main.m; sourceTree = "<group>"; };
		5C8F50DF18ACAB63007040B0 /* FreshCalculator-Prefix.pch */ = {isa = PBXFileReference; lastKnownFileType = sourcecode.c.h; path = "FreshCalculator-Prefix.pch"; sourceTree = "<group>"; };
		5C8F50E018ACAB63007040B0 /* FIGAppDelegate.h */ = {isa = PBXFileReference; lastKnownFileType = sourcecode.c.h; path = FIGAppDelegate.h; sourceTree = "<group>"; };
		5C8F50E118ACAB63007040B0 /* FIGAppDelegate.m */ = {isa = PBXFileReference; lastKnownFileType = sourcecode.c.objc; path = FIGAppDelegate.m; sourceTree = "<group>"; };
		5C8F50E418ACAB63007040B0 /* Base */ = {isa = PBXFileReference; lastKnownFileType = file.storyboard; name = Base; path = Base.lproj/Main.storyboard; sourceTree = "<group>"; };
		5C8F50E618ACAB63007040B0 /* FIGViewController.h */ = {isa = PBXFileReference; lastKnownFileType = sourcecode.c.h; path = FIGViewController.h; sourceTree = "<group>"; };
		5C8F50E718ACAB63007040B0 /* FIGViewController.m */ = {isa = PBXFileReference; lastKnownFileType = sourcecode.c.objc; path = FIGViewController.m; sourceTree = "<group>"; };
		5C8F50E918ACAB63007040B0 /* Images.xcassets */ = {isa = PBXFileReference; lastKnownFileType = folder.assetcatalog; path = Images.xcassets; sourceTree = "<group>"; };
		5C8F50EF18ACAB63007040B0 /* FreshCalculatorTests.xctest */ = {isa = PBXFileReference; explicitFileType = wrapper.cfbundle; includeInIndex = 0; path = FreshCalculatorTests.xctest; sourceTree = BUILT_PRODUCTS_DIR; };
		5C8F50F018ACAB63007040B0 /* XCTest.framework */ = {isa = PBXFileReference; lastKnownFileType = wrapper.framework; name = XCTest.framework; path = Library/Frameworks/XCTest.framework; sourceTree = DEVELOPER_DIR; };
		5C8F50F818ACAB63007040B0 /* FreshCalculatorTests-Info.plist */ = {isa = PBXFileReference; lastKnownFileType = text.plist.xml; path = "FreshCalculatorTests-Info.plist"; sourceTree = "<group>"; };
		5C8F50FA18ACAB63007040B0 /* en */ = {isa = PBXFileReference; lastKnownFileType = text.plist.strings; name = en; path = en.lproj/InfoPlist.strings; sourceTree = "<group>"; };
		5C8F50FC18ACAB63007040B0 /* FreshCalculatorTests.m */ = {isa = PBXFileReference; lastKnownFileType = sourcecode.c.objc; path = FreshCalculatorTests.m; sourceTree = "<group>"; };
/* End PBXFileReference section */

/* Begin PBXFrameworksBuildPhase section */
		5C8F50CB18ACAB63007040B0 /* Frameworks */ = {
			isa = PBXFrameworksBuildPhase;
			buildActionMask = 2147483647;
			files = (
				5C8F50D418ACAB63007040B0 /* CoreGraphics.framework in Frameworks */,
				5C8F50D618ACAB63007040B0 /* UIKit.framework in Frameworks */,
				5C8F50D218ACAB63007040B0 /* Foundation.framework in Frameworks */,
			);
			runOnlyForDeploymentPostprocessing = 0;
		};
		5C8F50EC18ACAB63007040B0 /* Frameworks */ = {
			isa = PBXFrameworksBuildPhase;
			buildActionMask = 2147483647;
			files = (
				5C8F50F118ACAB63007040B0 /* XCTest.framework in Frameworks */,
				5C8F50F318ACAB63007040B0 /* UIKit.framework in Frameworks */,
				5C8F50F218ACAB63007040B0 /* Foundation.framework in Frameworks */,
			);
			runOnlyForDeploymentPostprocessing = 0;
		};
/* End PBXFrameworksBuildPhase section */

/* Begin PBXGroup section */
		5C8F50C518ACAB63007040B0 = {
			isa = PBXGroup;
			children = (
				5C8F50D718ACAB63007040B0 /* FreshCalculator */,
				5C8F50F618ACAB63007040B0 /* FreshCalculatorTests */,
				5C8F50D018ACAB63007040B0 /* Frameworks */,
				5C8F50CF18ACAB63007040B0 /* Products */,
			);
			sourceTree = "<group>";
		};
		5C8F50CF18ACAB63007040B0 /* Products */ = {
			isa = PBXGroup;
			children = (
				5C8F50CE18ACAB63007040B0 /* FreshCalculator.app */,
				5C8F50EF18ACAB63007040B0 /* FreshCalculatorTests.xctest */,
			);
			name = Products;
			sourceTree = "<group>";
		};
		5C8F50D018ACAB63007040B0 /* Frameworks */ = {
			isa = PBXGroup;
			children = (
				5C8F50D118ACAB63007040B0 /* Foundation.framework */,
				5C8F50D318ACAB63007040B0 /* CoreGraphics.framework */,
				5C8F50D518ACAB63007040B0 /* UIKit.framework */,
				5C8F50F018ACAB63007040B0 /* XCTest.framework */,
			);
			name = Frameworks;
			sourceTree = "<group>";
		};
		5C8F50D718ACAB63007040B0 /* FreshCalculator */ = {
			isa = PBXGroup;
			children = (
				5C8F50E018ACAB63007040B0 /* FIGAppDelegate.h */,
				5C8F50E118ACAB63007040B0 /* FIGAppDelegate.m */,
				5C8F50E318ACAB63007040B0 /* Main.storyboard */,
				5C8F50E618ACAB63007040B0 /* FIGViewController.h */,
				5C8F50E718ACAB63007040B0 /* FIGViewController.m */,
				5C8F50E918ACAB63007040B0 /* Images.xcassets */,
				5C8F50D818ACAB63007040B0 /* Supporting Files */,
			);
			path = FreshCalculator;
			sourceTree = "<group>";
		};
		5C8F50D818ACAB63007040B0 /* Supporting Files */ = {
			isa = PBXGroup;
			children = (
				5C8F50D918ACAB63007040B0 /* FreshCalculator-Info.plist */,
				5C8F50DA18ACAB63007040B0 /* InfoPlist.strings */,
				5C8F50DD18ACAB63007040B0 /* main.m */,
				5C8F50DF18ACAB63007040B0 /* FreshCalculator-Prefix.pch */,
			);
			name = "Supporting Files";
			sourceTree = "<group>";
		};
		5C8F50F618ACAB63007040B0 /* FreshCalculatorTests */ = {
			isa = PBXGroup;
			children = (
				5C8F50FC18ACAB63007040B0 /* FreshCalculatorTests.m */,
				5C8F50F718ACAB63007040B0 /* Supporting Files */,
			);
			path = FreshCalculatorTests;
			sourceTree = "<group>";
		};
		5C8F50F718ACAB63007040B0 /* Supporting Files */ = {
			isa = PBXGroup;
			children = (
				5C8F50F818ACAB63007040B0 /* FreshCalculatorTests-Info.plist */,
				5C8F50F918ACAB63007040B0 /* InfoPlist.strings */,
			);
			name = "Supporting Files";
			sourceTree = "<group>";
		};
/* End PBXGroup section */

/* Begin PBXNativeTarget section */
		5C8F50CD18ACAB63007040B0 /* FreshCalculator */ = {
			isa = PBXNativeTarget;
			buildConfigurationList = 5C8F510018ACAB63007040B0 /* Build configuration list for PBXNativeTarget "FreshCalculator" */;
			buildPhases = (
				5C8F50CA18ACAB63007040B0 /* Sources */,
				5C8F50CB18ACAB63007040B0 /* Frameworks */,
				5C8F50CC18ACAB63007040B0 /* Resources */,
			);
			buildRules = (
			);
			dependencies = (
			);
			name = FreshCalculator;
			productName = FreshCalculator;
			productReference = 5C8F50CE18ACAB63007040B0 /* FreshCalculator.app */;
			productType = "com.apple.product-type.application";
		};
		5C8F50EE18ACAB63007040B0 /* FreshCalculatorTests */ = {
			isa = PBXNativeTarget;
			buildConfigurationList = 5C8F510318ACAB63007040B0 /* Build configuration list for PBXNativeTarget "FreshCalculatorTests" */;
			buildPhases = (
				5C8F50EB18ACAB63007040B0 /* Sources */,
				5C8F50EC18ACAB63007040B0 /* Frameworks */,
				5C8F50ED18ACAB63007040B0 /* Resources */,
			);
			buildRules = (
			);
			dependencies = (
				5C8F50F518ACAB63007040B0 /* PBXTargetDependency */,
			);
			name = FreshCalculatorTests;
			productName = FreshCalculatorTests;
			productReference = 5C8F50EF18ACAB63007040B0 /* FreshCalculatorTests.xctest */;
			productType = "com.apple.product-type.bundle.unit-test";
		};
/* End PBXNativeTarget section */

/* Begin PBXProject section */
		5C8F50C618ACAB63007040B0 /* Project object */ = {
			isa = PBXProject;
			attributes = {
				CLASSPREFIX = FIG;
				LastUpgradeCheck = 0500;
				ORGANIZATIONNAME = "John Figueiredo";
				TargetAttributes = {
					5C8F50EE18ACAB63007040B0 = {
						TestTargetID = 5C8F50CD18ACAB63007040B0;
					};
				};
			};
			buildConfigurationList = 5C8F50C918ACAB63007040B0 /* Build configuration list for PBXProject "FreshCalculator" */;
			compatibilityVersion = "Xcode 3.2";
			developmentRegion = English;
			hasScannedForEncodings = 0;
			knownRegions = (
				en,
				Base,
			);
			mainGroup = 5C8F50C518ACAB63007040B0;
			productRefGroup = 5C8F50CF18ACAB63007040B0 /* Products */;
			projectDirPath = "";
			projectRoot = "";
			targets = (
				5C8F50CD18ACAB63007040B0 /* FreshCalculator */,
				5C8F50EE18ACAB63007040B0 /* FreshCalculatorTests */,
			);
		};
/* End PBXProject section */

/* Begin PBXResourcesBuildPhase section */
		5C8F50CC18ACAB63007040B0 /* Resources */ = {
			isa = PBXResourcesBuildPhase;
			buildActionMask = 2147483647;
			files = (
				5C8F50EA18ACAB63007040B0 /* Images.xcassets in Resources */,
				5C8F50DC18ACAB63007040B0 /* InfoPlist.strings in Resources */,
				5C8F50E518ACAB63007040B0 /* Main.storyboard in Resources */,
			);
			runOnlyForDeploymentPostprocessing = 0;
		};
		5C8F50ED18ACAB63007040B0 /* Resources */ = {
			isa = PBXResourcesBuildPhase;
			buildActionMask = 2147483647;
			files = (
				5C8F50FB18ACAB63007040B0 /* InfoPlist.strings in Resources */,
			);
			runOnlyForDeploymentPostprocessing = 0;
		};
/* End PBXResourcesBuildPhase section */

/* Begin PBXSourcesBuildPhase section */
		5C8F50CA18ACAB63007040B0 /* Sources */ = {
			isa = PBXSourcesBuildPhase;
			buildActionMask = 2147483647;
			files = (
				5C8F50DE18ACAB63007040B0 /* main.m in Sources */,
				5C8F50E818ACAB63007040B0 /* FIGViewController.m in Sources */,
				5C8F50E218ACAB63007040B0 /* FIGAppDelegate.m in Sources */,
			);
			runOnlyForDeploymentPostprocessing = 0;
		};
		5C8F50EB18ACAB63007040B0 /* Sources */ = {
			isa = PBXSourcesBuildPhase;
			buildActionMask = 2147483647;
			files = (
				5C8F50FD18ACAB63007040B0 /* FreshCalculatorTests.m in Sources */,
			);
			runOnlyForDeploymentPostprocessing = 0;
		};
/* End PBXSourcesBuildPhase section */

/* Begin PBXTargetDependency section */
		5C8F50F518ACAB63007040B0 /* PBXTargetDependency */ = {
			isa = PBXTargetDependency;
			target = 5C8F50CD18ACAB63007040B0 /* FreshCalculator */;
			targetProxy = 5C8F50F418ACAB63007040B0 /* PBXContainerItemProxy */;
		};
/* End PBXTargetDependency section */

/* Begin PBXVariantGroup section */
		5C8F50DA18ACAB63007040B0 /* InfoPlist.strings */ = {
			isa = PBXVariantGroup;
			children = (
				5C8F50DB18ACAB63007040B0 /* en */,
			);
			name = InfoPlist.strings;
			sourceTree = "<group>";
		};
		5C8F50E318ACAB63007040B0 /* Main.storyboard */ = {
			isa = PBXVariantGroup;
			children = (
				5C8F50E418ACAB63007040B0 /* Base */,
			);
			name = Main.storyboard;
			sourceTree = "<group>";
		};
		5C8F50F918ACAB63007040B0 /* InfoPlist.strings */ = {
			isa = PBXVariantGroup;
			children = (
				5C8F50FA18ACAB63007040B0 /* en */,
			);
			name = InfoPlist.strings;
			sourceTree = "<group>";
		};
/* End PBXVariantGroup section */

/* Begin XCBuildConfiguration section */
		5C8F50FE18ACAB63007040B0 /* Debug */ = {
			isa = XCBuildConfiguration;
			buildSettings = {
				ALWAYS_SEARCH_USER_PATHS = NO;
				ARCHS = "$(ARCHS_STANDARD_INCLUDING_64_BIT)";
				CLANG_CXX_LANGUAGE_STANDARD = "gnu++0x";
				CLANG_CXX_LIBRARY = "libc++";
				CLANG_ENABLE_MODULES = YES;
				CLANG_ENABLE_OBJC_ARC = YES;
				CLANG_WARN_BOOL_CONVERSION = YES;
				CLANG_WARN_CONSTANT_CONVERSION = YES;
				CLANG_WARN_DIRECT_OBJC_ISA_USAGE = YES_ERROR;
				CLANG_WARN_EMPTY_BODY = YES;
				CLANG_WARN_ENUM_CONVERSION = YES;
				CLANG_WARN_INT_CONVERSION = YES;
				CLANG_WARN_OBJC_ROOT_CLASS = YES_ERROR;
				CLANG_WARN__DUPLICATE_METHOD_MATCH = YES;
				"CODE_SIGN_IDENTITY[sdk=iphoneos*]" = "iPhone Developer";
				COPY_PHASE_STRIP = NO;
				GCC_C_LANGUAGE_STANDARD = gnu99;
				GCC_DYNAMIC_NO_PIC = NO;
				GCC_OPTIMIZATION_LEVEL = 0;
				GCC_PREPROCESSOR_DEFINITIONS = (
					"DEBUG=1",
					"$(inherited)",
				);
				GCC_SYMBOLS_PRIVATE_EXTERN = NO;
				GCC_WARN_64_TO_32_BIT_CONVERSION = YES;
				GCC_WARN_ABOUT_RETURN_TYPE = YES_ERROR;
				GCC_WARN_UNDECLARED_SELECTOR = YES;
				GCC_WARN_UNINITIALIZED_AUTOS = YES;
				GCC_WARN_UNUSED_FUNCTION = YES;
				GCC_WARN_UNUSED_VARIABLE = YES;
				IPHONEOS_DEPLOYMENT_TARGET = 7.0;
				ONLY_ACTIVE_ARCH = YES;
				SDKROOT = iphoneos;
			};
			name = Debug;
		};
		5C8F50FF18ACAB63007040B0 /* Release */ = {
			isa = XCBuildConfiguration;
			buildSettings = {
				ALWAYS_SEARCH_USER_PATHS = NO;
				ARCHS = "$(ARCHS_STANDARD_INCLUDING_64_BIT)";
				CLANG_CXX_LANGUAGE_STANDARD = "gnu++0x";
				CLANG_CXX_LIBRARY = "libc++";
				CLANG_ENABLE_MODULES = YES;
				CLANG_ENABLE_OBJC_ARC = YES;
				CLANG_WARN_BOOL_CONVERSION = YES;
				CLANG_WARN_CONSTANT_CONVERSION = YES;
				CLANG_WARN_DIRECT_OBJC_ISA_USAGE = YES_ERROR;
				CLANG_WARN_EMPTY_BODY = YES;
				CLANG_WARN_ENUM_CONVERSION = YES;
				CLANG_WARN_INT_CONVERSION = YES;
				CLANG_WARN_OBJC_ROOT_CLASS = YES_ERROR;
				CLANG_WARN__DUPLICATE_METHOD_MATCH = YES;
				"CODE_SIGN_IDENTITY[sdk=iphoneos*]" = "iPhone Developer";
				COPY_PHASE_STRIP = YES;
				ENABLE_NS_ASSERTIONS = NO;
				GCC_C_LANGUAGE_STANDARD = gnu99;
				GCC_WARN_64_TO_32_BIT_CONVERSION = YES;
				GCC_WARN_ABOUT_RETURN_TYPE = YES_ERROR;
				GCC_WARN_UNDECLARED_SELECTOR = YES;
				GCC_WARN_UNINITIALIZED_AUTOS = YES;
				GCC_WARN_UNUSED_FUNCTION = YES;
				GCC_WARN_UNUSED_VARIABLE = YES;
				IPHONEOS_DEPLOYMENT_TARGET = 7.0;
				SDKROOT = iphoneos;
				VALIDATE_PRODUCT = YES;
			};
			name = Release;
		};
		5C8F510118ACAB63007040B0 /* Debug */ = {
			isa = XCBuildConfiguration;
			buildSettings = {
				ASSETCATALOG_COMPILER_APPICON_NAME = AppIcon;
				ASSETCATALOG_COMPILER_LAUNCHIMAGE_NAME = LaunchImage;
				GCC_PRECOMPILE_PREFIX_HEADER = YES;
				GCC_PREFIX_HEADER = "FreshCalculator/FreshCalculator-Prefix.pch";
				INFOPLIST_FILE = "FreshCalculator/FreshCalculator-Info.plist";
				PRODUCT_NAME = "$(TARGET_NAME)";
				WRAPPER_EXTENSION = app;
			};
			name = Debug;
		};
		5C8F510218ACAB63007040B0 /* Release */ = {
			isa = XCBuildConfiguration;
			buildSettings = {
				ASSETCATALOG_COMPILER_APPICON_NAME = AppIcon;
				ASSETCATALOG_COMPILER_LAUNCHIMAGE_NAME = LaunchImage;
				GCC_PRECOMPILE_PREFIX_HEADER = YES;
				GCC_PREFIX_HEADER = "FreshCalculator/FreshCalculator-Prefix.pch";
				INFOPLIST_FILE = "FreshCalculator/FreshCalculator-Info.plist";
				PRODUCT_NAME = "$(TARGET_NAME)";
				WRAPPER_EXTENSION = app;
			};
			name = Release;
		};
		5C8F510418ACAB63007040B0 /* Debug */ = {
			isa = XCBuildConfiguration;
			buildSettings = {
				ARCHS = "$(ARCHS_STANDARD_INCLUDING_64_BIT)";
				BUNDLE_LOADER = "$(BUILT_PRODUCTS_DIR)/FreshCalculator.app/FreshCalculator";
				FRAMEWORK_SEARCH_PATHS = (
					"$(SDKROOT)/Developer/Library/Frameworks",
					"$(inherited)",
					"$(DEVELOPER_FRAMEWORKS_DIR)",
				);
				GCC_PRECOMPILE_PREFIX_HEADER = YES;
				GCC_PREFIX_HEADER = "FreshCalculator/FreshCalculator-Prefix.pch";
				GCC_PREPROCESSOR_DEFINITIONS = (
					"DEBUG=1",
					"$(inherited)",
				);
				INFOPLIST_FILE = "FreshCalculatorTests/FreshCalculatorTests-Info.plist";
				PRODUCT_NAME = "$(TARGET_NAME)";
				TEST_HOST = "$(BUNDLE_LOADER)";
				WRAPPER_EXTENSION = xctest;
			};
			name = Debug;
		};
		5C8F510518ACAB63007040B0 /* Release */ = {
			isa = XCBuildConfiguration;
			buildSettings = {
				ARCHS = "$(ARCHS_STANDARD_INCLUDING_64_BIT)";
				BUNDLE_LOADER = "$(BUILT_PRODUCTS_DIR)/FreshCalculator.app/FreshCalculator";
				FRAMEWORK_SEARCH_PATHS = (
					"$(SDKROOT)/Developer/Library/Frameworks",
					"$(inherited)",
					"$(DEVELOPER_FRAMEWORKS_DIR)",
				);
				GCC_PRECOMPILE_PREFIX_HEADER = YES;
				GCC_PREFIX_HEADER = "FreshCalculator/FreshCalculator-Prefix.pch";
				INFOPLIST_FILE = "FreshCalculatorTests/FreshCalculatorTests-Info.plist";
				PRODUCT_NAME = "$(TARGET_NAME)";
				TEST_HOST = "$(BUNDLE_LOADER)";
				WRAPPER_EXTENSION = xctest;
			};
			name = Release;
		};
/* End XCBuildConfiguration section */

/* Begin XCConfigurationList section */
		5C8F50C918ACAB63007040B0 /* Build configuration list for PBXProject "FreshCalculator" */ = {
			isa = XCConfigurationList;
			buildConfigurations = (
				5C8F50FE18ACAB63007040B0 /* Debug */,
				5C8F50FF18ACAB63007040B0 /* Release */,
			);
			defaultConfigurationIsVisible = 0;
			defaultConfigurationName = Release;
		};
		5C8F510018ACAB63007040B0 /* Build configuration list for PBXNativeTarget "FreshCalculator" */ = {
			isa = XCConfigurationList;
			buildConfigurations = (
				5C8F510118ACAB63007040B0 /* Debug */,
				5C8F510218ACAB63007040B0 /* Release */,
			);
			defaultConfigurationIsVisible = 0;
		};
		5C8F510318ACAB63007040B0 /* Build configuration list for PBXNativeTarget "FreshCalculatorTests" */ = {
			isa = XCConfigurationList;
			buildConfigurations = (
				5C8F510418ACAB63007040B0 /* Debug */,
				5C8F510518ACAB63007040B0 /* Release */,
			);
			defaultConfigurationIsVisible = 0;
		};
/* End XCConfigurationList section */
	};
	rootObject = 5C8F50C618ACAB63007040B0 /* Project object */;
}
